
Microsoft Visual Studio Solution File, Format Version 12.00
# Visual Studio 15
VisualStudioVersion = 15.0.26730.3
MinimumVisualStudioVersion = 10.0.40219.1
Project("{FAE04EC0-301F-11D3-BF4B-00C04F79EFBC}") = "NYCJobsApi_student", "NYCJobsApi_student.csproj", "{A933936C-E6E1-46E1-A309-5AD613F860E6}"
EndProject
Project("{FAE04EC0-301F-11D3-BF4B-00C04F79EFBC}") = "NYCJobsWeb_student", "..\NYCJobsWeb_student\NYCJobsWeb_student.csproj", "{0380803A-C243-4F18-BD41-2C1D65296C96}"
EndProject
Global
	GlobalSection(SolutionConfigurationPlatforms) = preSolution
		Debug|Any CPU = Debug|Any CPU
		Release|Any CPU = Release|Any CPU
	EndGlobalSection
	GlobalSection(ProjectConfigurationPlatforms) = postSolution
		{A933936C-E6E1-46E1-A309-5AD613F860E6}.Debug|Any CPU.ActiveCfg = Debug|Any CPU
		{A933936C-E6E1-46E1-A309-5AD613F860E6}.Debug|Any CPU.Build.0 = Debug|Any CPU
		{A933936C-E6E1-46E1-A309-5AD613F860E6}.Release|Any CPU.ActiveCfg = Release|Any CPU
		{A933936C-E6E1-46E1-A309-5AD613F860E6}.Release|Any CPU.Build.0 = Release|Any CPU
		{0380803A-C243-4F18-BD41-2C1D65296C96}.Debug|Any CPU.ActiveCfg = Debug|Any CPU
		{0380803A-C243-4F18-BD41-2C1D65296C96}.Debug|Any CPU.Build.0 = Debug|Any CPU
		{0380803A-C243-4F18-BD41-2C1D65296C96}.Release|Any CPU.ActiveCfg = Release|Any CPU
		{0380803A-C243-4F18-BD41-2C1D65296C96}.Release|Any CPU.Build.0 = Release|Any CPU
	EndGlobalSection
	GlobalSection(SolutionProperties) = preSolution
		HideSolutionNode = FALSE
	EndGlobalSection
	GlobalSection(ExtensibilityGlobals) = postSolution
		SolutionGuid = {1012CCDF-832C-4D8A-8F18-E26A6FF4FCA0}
	EndGlobalSection
EndGlobal
